// !$*UTF8*$!
{
	archiveVersion = 1;
	classes = {
	};
	objectVersion = 77;
	objects = {

/* Begin PBXBuildFile section */
		447C2938E80708868FC0194D /* JalanKitaKit in Frameworks */ = {isa = PBXBuildFile; productRef = 6EF116DD8751EFEAB9D97EA6 /* JalanKitaKit */; };
		5FBFD841A30E7071500B9CAD /* JalanKitaKit in Frameworks */ = {isa = PBXBuildFile; productRef = EC100326840FA2DD5966529C /* JalanKitaKit */; };
/* End PBXBuildFile section */

/* Begin PBXFileReference section */
		4EBA2FE33021C3AE004B0D93 /* JalanKita Mac.app */ = {isa = PBXFileReference; explicitFileType = wrapper.application; includeInIndex = 0; path = "JalanKita Mac.app"; sourceTree = BUILT_PRODUCTS_DIR; };
		FFF8A927A65B7C679A376B62 /* JalanKita iOS.app */ = {isa = PBXFileReference; explicitFileType = wrapper.application; includeInIndex = 0; path = "JalanKita iOS.app"; sourceTree = BUILT_PRODUCTS_DIR; };
/* End PBXFileReference section */

/* Begin PBXFileSystemSynchronizedRootGroup section */
		4EBA2FE53021C3AE004B0D93 /* JalanKita Mac */ = {
			isa = PBXFileSystemSynchronizedRootGroup;
			path = "JalanKita Mac";
			sourceTree = "<group>";
		};
		E98C00477ED448DC61655BBD /* JalanKita iOS */ = {
			isa = PBXFileSystemSynchronizedRootGroup;
			path = "JalanKita iOS";
			sourceTree = "<group>";
		};
/* End PBXFileSystemSynchronizedRootGroup section */

/* Begin PBXFrameworksBuildPhase section */
		4EBA2FE03021C3AE004B0D93 /* Frameworks */ = {
			isa = PBXFrameworksBuildPhase;
			buildActionMask = 2147483647;
			files = (
				5FBFD841A30E7071500B9CAD /* JalanKitaKit in Frameworks */,
			);
			runOnlyForDeploymentPostprocessing = 0;
		};
		F9A24DD236FCE576E2227F58 /* Frameworks */ = {
			isa = PBXFrameworksBuildPhase;
			buildActionMask = 2147483647;
			files = (
				447C2938E80708868FC0194D /* JalanKitaKit in Frameworks */,
			);
			runOnlyForDeploymentPostprocessing = 0;
		};
/* End PBXFrameworksBuildPhase section */

/* Begin PBXGroup section */
		4EBA2FDA3021C3AE004B0D93 = {
			isa = PBXGroup;
			children = (
				4EBA2FE53021C3AE004B0D93 /* JalanKita Mac */,
				E98C00477ED448DC61655BBD /* JalanKita iOS */,
				4EBA2FE43021C3AE004B0D93 /* Products */,
			);
			sourceTree = "<group>";
		};
		4EBA2FE43021C3AE004B0D93 /* Products */ = {
			isa = PBXGroup;
			children = (
				4EBA2FE33021C3AE004B0D93 /* JalanKita Mac.app */,
				FFF8A927A65B7C679A376B62 /* JalanKita iOS.app */,
			);
			name = Products;
			sourceTree = "<group>";
		};
/* End PBXGroup section */

/* Begin PBXNativeTarget section */
		4EBA2FE23021C3AE004B0D93 /* JalanKita Mac */ = {
			isa = PBXNativeTarget;
			buildConfigurationList = 4EBA2FEE3021C3AF004B0D93 /* Build configuration list for PBXNativeTarget "JalanKita Mac" */;
			buildPhases = (
				4EBA2FDF3021C3AE004B0D93 /* Sources */,
				4EBA2FE03021C3AE004B0D93 /* Frameworks */,
				4EBA2FE13021C3AE004B0D93 /* Resources */,
				4EBA30013021C3AE004B0D93 /* Stage disturbance-worker */,
				4EBA30023021C3AE004B0D93 /* Stage pipeline_v13 */,
			);
			buildRules = (
			);
			dependencies = (
			);
			fileSystemSynchronizedGroups = (
				4EBA2FE53021C3AE004B0D93 /* JalanKita Mac */,
			);
			name = "JalanKita Mac";
			packageProductDependencies = (
				EC100326840FA2DD5966529C /* JalanKitaKit */,
			);
			productName = "JalanKita Mac";
			productReference = 4EBA2FE33021C3AE004B0D93 /* JalanKita Mac.app */;
			productType = "com.apple.product-type.application";
		};
		F61B9E57E5F0A34ECEB9AD4B /* JalanKita iOS */ = {
			isa = PBXNativeTarget;
			buildConfigurationList = 6BFCA64BD673476B7B28D1C0 /* Build configuration list for PBXNativeTarget "JalanKita iOS" */;
			buildPhases = (
				AD743E1FB45D8A72A350E0E4 /* Sources */,
				F9A24DD236FCE576E2227F58 /* Frameworks */,
				CC574290EEFD7449943B8977 /* Resources */,
			);
			buildRules = (
			);
			dependencies = (
			);
			fileSystemSynchronizedGroups = (
				E98C00477ED448DC61655BBD /* JalanKita iOS */,
			);
			name = "JalanKita iOS";
			packageProductDependencies = (
				6EF116DD8751EFEAB9D97EA6 /* JalanKitaKit */,
			);
			productName = "JalanKita iOS";
			productReference = FFF8A927A65B7C679A376B62 /* JalanKita iOS.app */;
			productType = "com.apple.product-type.application";
		};
/* End PBXNativeTarget section */

/* Begin PBXProject section */
		4EBA2FDB3021C3AE004B0D93 /* Project object */ = {
			isa = PBXProject;
			attributes = {
				BuildIndependentTargetsInParallel = 1;
				LastSwiftUpdateCheck = 2660;
				LastUpgradeCheck = 2660;
				TargetAttributes = {
					4EBA2FE23021C3AE004B0D93 = {
						CreatedOnToolsVersion = 26.6;
					};
					F61B9E57E5F0A34ECEB9AD4B = {
						CreatedOnToolsVersion = 26.6;
					};
				};
			};
			buildConfigurationList = 4EBA2FDE3021C3AE004B0D93 /* Build configuration list for PBXProject "JalanKita Mac" */;
			developmentRegion = en;
			hasScannedForEncodings = 0;
			knownRegions = (
				en,
				Base,
			);
			mainGroup = 4EBA2FDA3021C3AE004B0D93;
			minimizedProjectReferenceProxies = 1;
			packageReferences = (
				CAC1CA074808122CDC60EFA1 /* XCLocalSwiftPackageReference "../JalanKitaKit" */,
			);
			preferredProjectObjectVersion = 77;
			productRefGroup = 4EBA2FE43021C3AE004B0D93 /* Products */;
			projectDirPath = "";
			projectRoot = "";
			targets = (
				4EBA2FE23021C3AE004B0D93 /* JalanKita Mac */,
				F61B9E57E5F0A34ECEB9AD4B /* JalanKita iOS */,
			);
		};
/* End PBXProject section */

/* Begin PBXResourcesBuildPhase section */
		4EBA2FE13021C3AE004B0D93 /* Resources */ = {
			isa = PBXResourcesBuildPhase;
			buildActionMask = 2147483647;
			files = (
			);
			runOnlyForDeploymentPostprocessing = 0;
		};
		CC574290EEFD7449943B8977 /* Resources */ = {
			isa = PBXResourcesBuildPhase;
			buildActionMask = 2147483647;
			files = (
			);
			runOnlyForDeploymentPostprocessing = 0;
		};
/* End PBXResourcesBuildPhase section */

/* Begin PBXShellScriptBuildPhase section */
		4EBA30013021C3AE004B0D93 /* Stage disturbance-worker */ = {
			isa = PBXShellScriptBuildPhase;
			alwaysOutOfDate = 1;
			buildActionMask = 2147483647;
			files = (
			);
			inputFileListPaths = (
			);
			inputPaths = (
			);
			name = "Stage disturbance-worker";
			outputFileListPaths = (
			);
			outputPaths = (
				"$(BUILT_PRODUCTS_DIR)/$(CONTENTS_FOLDER_PATH)/Resources/disturbance-worker/disturbance-worker",
			);
			runOnlyForDeploymentPostprocessing = 0;
			shellPath = /bin/sh;
			shellScript = "set -e\nSRC=\"${SRCROOT}/../PythonWorker/dist/disturbance-worker/\"\nDEST=\"${BUILT_PRODUCTS_DIR}/${CONTENTS_FOLDER_PATH}/Resources/disturbance-worker/\"\n\nif [ ! -d \"$SRC\" ]; then\n  echo \"warning: PythonWorker/dist/disturbance-worker not found -- run PythonWorker/build_worker.sh first to bundle a real worker into the app. Skipping (Debug/dev builds fall back to PythonWorker/.venv instead, see InferenceService.resolveWorkerLaunch).\"\n  exit 0\nfi\n\nmkdir -p \"$DEST\"\nrsync -a --delete \"$SRC\" \"$DEST\"\necho \"staged disturbance-worker into $DEST\"\n";
			showEnvVarsInLog = 0;
		};
		4EBA30023021C3AE004B0D93 /* Stage pipeline_v13 */ = {
			isa = PBXShellScriptBuildPhase;
			alwaysOutOfDate = 1;
			buildActionMask = 2147483647;
			files = (
			);
			inputFileListPaths = (
			);
			inputPaths = (
			);
			name = "Stage pipeline_v13";
			outputFileListPaths = (
			);
			outputPaths = (
				"$(BUILT_PRODUCTS_DIR)/$(CONTENTS_FOLDER_PATH)/Resources/pipeline_v13/pipeline_v13",
			);
			runOnlyForDeploymentPostprocessing = 0;
			shellPath = /bin/sh;
			shellScript = "set -e\nSRC=\"${SRCROOT}/../CarDetection/dist/pipeline_v13/\"\nDEST=\"${BUILT_PRODUCTS_DIR}/${CONTENTS_FOLDER_PATH}/Resources/pipeline_v13/\"\n\nif [ ! -d \"$SRC\" ]; then\n  echo \"warning: CarDetection/dist/pipeline_v13 not found -- run CarDetection/build_worker.sh first to bundle a real worker into the app. Skipping (Debug/dev builds fall back to CarDetection/.venv instead, see CarDetectionService.resolveLaunch).\"\n  exit 0\nfi\n\nmkdir -p \"$DEST\"\nrsync -a --delete \"$SRC\" \"$DEST\"\necho \"staged pipeline_v13 into $DEST\"\n";
			showEnvVarsInLog = 0;
		};
/* End PBXShellScriptBuildPhase section */

/* Begin PBXSourcesBuildPhase section */
		4EBA2FDF3021C3AE004B0D93 /* Sources */ = {
			isa = PBXSourcesBuildPhase;
			buildActionMask = 2147483647;
			files = (
			);
			runOnlyForDeploymentPostprocessing = 0;
		};
		AD743E1FB45D8A72A350E0E4 /* Sources */ = {
			isa = PBXSourcesBuildPhase;
			buildActionMask = 2147483647;
			files = (
			);
			runOnlyForDeploymentPostprocessing = 0;
		};
/* End PBXSourcesBuildPhase section */

/* Begin XCBuildConfiguration section */
		0771E664542C818B712CF730 /* Debug */ = {
			isa = XCBuildConfiguration;
			buildSettings = {
				ASSETCATALOG_COMPILER_APPICON_NAME = AppIcon;
				ASSETCATALOG_COMPILER_GLOBAL_ACCENT_COLOR_NAME = AccentColor;
				CODE_SIGN_ENTITLEMENTS = "JalanKita iOS/JalanKita iOS.entitlements";
				CODE_SIGN_STYLE = Automatic;
				CURRENT_PROJECT_VERSION = 1;
				DEVELOPMENT_TEAM = S3AP74B5TH;
				ENABLE_PREVIEWS = YES;
				GENERATE_INFOPLIST_FILE = YES;
				INFOPLIST_FILE = "JalanKita-iOS-Info.plist";
				INFOPLIST_KEY_NSCameraUsageDescription = "JalanKita uses the camera to record street-scene video while you drive a survey route.";
				INFOPLIST_KEY_NSLocationWhenInUseUsageDescription = "JalanKita logs your GPS position continuously while recording so recorded footage can be mapped back to the road afterwards.";
				INFOPLIST_KEY_NSMicrophoneUsageDescription = "JalanKita records audio alongside video as part of the survey recording.";
				INFOPLIST_KEY_UIApplicationSceneManifest_Generation = YES;
				INFOPLIST_KEY_UILaunchScreen_Generation = YES;
				INFOPLIST_KEY_UIStatusBarStyle = UIStatusBarStyleDefault;
				INFOPLIST_KEY_UISupportedInterfaceOrientations = "UIInterfaceOrientationPortrait UIInterfaceOrientationLandscapeLeft UIInterfaceOrientationLandscapeRight";
				IPHONEOS_DEPLOYMENT_TARGET = 18.0;
				LD_RUNPATH_SEARCH_PATHS = (
					"$(inherited)",
					"@executable_path/Frameworks",
				);
				MARKETING_VERSION = 1.0;
				PRODUCT_BUNDLE_IDENTIFIER = "com.biru.JalanKita-iOS";
				PRODUCT_NAME = "$(TARGET_NAME)";
				SDKROOT = iphoneos;
				SWIFT_APPROACHABLE_CONCURRENCY = YES;
				SWIFT_DEFAULT_ACTOR_ISOLATION = MainActor;
				SWIFT_EMIT_LOC_STRINGS = YES;
				SWIFT_VERSION = 5.0;
				TARGETED_DEVICE_FAMILY = 1;
				VALIDATE_PRODUCT = NO;
			};
			name = Debug;
		};
		4EBA2FEC3021C3AF004B0D93 /* Debug */ = {
			isa = XCBuildConfiguration;
			buildSettings = {
				ALWAYS_SEARCH_USER_PATHS = NO;
				ASSETCATALOG_COMPILER_GENERATE_SWIFT_ASSET_SYMBOL_EXTENSIONS = YES;
				CLANG_ANALYZER_NONNULL = YES;
				CLANG_ANALYZER_NUMBER_OBJECT_CONVERSION = YES_AGGRESSIVE;
				CLANG_CXX_LANGUAGE_STANDARD = "gnu++20";
				CLANG_ENABLE_MODULES = YES;
				CLANG_ENABLE_OBJC_ARC = YES;
				CLANG_ENABLE_OBJC_WEAK = YES;
				CLANG_WARN_BLOCK_CAPTURE_AUTORELEASING = YES;
				CLANG_WARN_BOOL_CONVERSION = YES;
				CLANG_WARN_COMMA = YES;
				CLANG_WARN_CONSTANT_CONVERSION = YES;
				CLANG_WARN_DEPRECATED_OBJC_IMPLEMENTATIONS = YES;
				CLANG_WARN_DIRECT_OBJC_ISA_USAGE = YES_ERROR;
				CLANG_WARN_DOCUMENTATION_COMMENTS = YES;
				CLANG_WARN_EMPTY_BODY = YES;
				CLANG_WARN_ENUM_CONVERSION = YES;
				CLANG_WARN_INFINITE_RECURSION = YES;
				CLANG_WARN_INT_CONVERSION = YES;
				CLANG_WARN_NON_LITERAL_NULL_CONVERSION = YES;
				CLANG_WARN_OBJC_IMPLICIT_RETAIN_SELF = YES;
				CLANG_WARN_OBJC_LITERAL_CONVERSION = YES;
				CLANG_WARN_OBJC_ROOT_CLASS = YES_ERROR;
				CLANG_WARN_QUOTED_INCLUDE_IN_FRAMEWORK_HEADER = YES;
				CLANG_WARN_RANGE_LOOP_ANALYSIS = YES;
				CLANG_WARN_STRICT_PROTOTYPES = YES;
				CLANG_WARN_SUSPICIOUS_MOVE = YES;
				CLANG_WARN_UNGUARDED_AVAILABILITY = YES_AGGRESSIVE;
				CLANG_WARN_UNREACHABLE_CODE = YES;
				CLANG_WARN__DUPLICATE_METHOD_MATCH = YES;
				COPY_PHASE_STRIP = NO;
				DEBUG_INFORMATION_FORMAT = dwarf;
				DEVELOPMENT_TEAM = S3AP74B5TH;
				ENABLE_STRICT_OBJC_MSGSEND = YES;
				ENABLE_TESTABILITY = YES;
				ENABLE_USER_SCRIPT_SANDBOXING = NO;
				GCC_C_LANGUAGE_STANDARD = gnu17;
				GCC_DYNAMIC_NO_PIC = NO;
				GCC_NO_COMMON_BLOCKS = YES;
				GCC_OPTIMIZATION_LEVEL = 0;
				GCC_PREPROCESSOR_DEFINITIONS = (
					"DEBUG=1",
					"$(inherited)",
				);
				GCC_WARN_64_TO_32_BIT_CONVERSION = YES;
				GCC_WARN_ABOUT_RETURN_TYPE = YES_ERROR;
				GCC_WARN_UNDECLARED_SELECTOR = YES;
				GCC_WARN_UNINITIALIZED_AUTOS = YES_AGGRESSIVE;
				GCC_WARN_UNUSED_FUNCTION = YES;
				GCC_WARN_UNUSED_VARIABLE = YES;
				LOCALIZATION_PREFERS_STRING_CATALOGS = YES;
				MACOSX_DEPLOYMENT_TARGET = 26.5;
				MTL_ENABLE_DEBUG_INFO = INCLUDE_SOURCE;
				MTL_FAST_MATH = YES;
				ONLY_ACTIVE_ARCH = YES;
				SDKROOT = macosx;
				SWIFT_ACTIVE_COMPILATION_CONDITIONS = "DEBUG $(inherited)";
				SWIFT_OPTIMIZATION_LEVEL = "-Onone";
			};
			name = Debug;
		};
		4EBA2FED3021C3AF004B0D93 /* Release */ = {
			isa = XCBuildConfiguration;
			buildSettings = {
				ALWAYS_SEARCH_USER_PATHS = NO;
				ASSETCATALOG_COMPILER_GENERATE_SWIFT_ASSET_SYMBOL_EXTENSIONS = YES;
				CLANG_ANALYZER_NONNULL = YES;
				CLANG_ANALYZER_NUMBER_OBJECT_CONVERSION = YES_AGGRESSIVE;
				CLANG_CXX_LANGUAGE_STANDARD = "gnu++20";
				CLANG_ENABLE_MODULES = YES;
				CLANG_ENABLE_OBJC_ARC = YES;
				CLANG_ENABLE_OBJC_WEAK = YES;
				CLANG_WARN_BLOCK_CAPTURE_AUTORELEASING = YES;
				CLANG_WARN_BOOL_CONVERSION = YES;
				CLANG_WARN_COMMA = YES;
				CLANG_WARN_CONSTANT_CONVERSION = YES;
				CLANG_WARN_DEPRECATED_OBJC_IMPLEMENTATIONS = YES;
				CLANG_WARN_DIRECT_OBJC_ISA_USAGE = YES_ERROR;
				CLANG_WARN_DOCUMENTATION_COMMENTS = YES;
				CLANG_WARN_EMPTY_BODY = YES;
				CLANG_WARN_ENUM_CONVERSION = YES;
				CLANG_WARN_INFINITE_RECURSION = YES;
				CLANG_WARN_INT_CONVERSION = YES;
				CLANG_WARN_NON_LITERAL_NULL_CONVERSION = YES;
				CLANG_WARN_OBJC_IMPLICIT_RETAIN_SELF = YES;
				CLANG_WARN_OBJC_LITERAL_CONVERSION = YES;
				CLANG_WARN_OBJC_ROOT_CLASS = YES_ERROR;
				CLANG_WARN_QUOTED_INCLUDE_IN_FRAMEWORK_HEADER = YES;
				CLANG_WARN_RANGE_LOOP_ANALYSIS = YES;
				CLANG_WARN_STRICT_PROTOTYPES = YES;
				CLANG_WARN_SUSPICIOUS_MOVE = YES;
				CLANG_WARN_UNGUARDED_AVAILABILITY = YES_AGGRESSIVE;
				CLANG_WARN_UNREACHABLE_CODE = YES;
				CLANG_WARN__DUPLICATE_METHOD_MATCH = YES;
				COPY_PHASE_STRIP = NO;
				DEBUG_INFORMATION_FORMAT = "dwarf-with-dsym";
				DEVELOPMENT_TEAM = S3AP74B5TH;
				ENABLE_NS_ASSERTIONS = NO;
				ENABLE_STRICT_OBJC_MSGSEND = YES;
				ENABLE_USER_SCRIPT_SANDBOXING = NO;
				GCC_C_LANGUAGE_STANDARD = gnu17;
				GCC_NO_COMMON_BLOCKS = YES;
				GCC_WARN_64_TO_32_BIT_CONVERSION = YES;
				GCC_WARN_ABOUT_RETURN_TYPE = YES_ERROR;
				GCC_WARN_UNDECLARED_SELECTOR = YES;
				GCC_WARN_UNINITIALIZED_AUTOS = YES_AGGRESSIVE;
				GCC_WARN_UNUSED_FUNCTION = YES;
				GCC_WARN_UNUSED_VARIABLE = YES;
				LOCALIZATION_PREFERS_STRING_CATALOGS = YES;
				MACOSX_DEPLOYMENT_TARGET = 26.5;
				MTL_ENABLE_DEBUG_INFO = NO;
				MTL_FAST_MATH = YES;
				SDKROOT = macosx;
				SWIFT_COMPILATION_MODE = wholemodule;
			};
			name = Release;
		};
		4EBA2FEF3021C3AF004B0D93 /* Debug */ = {
			isa = XCBuildConfiguration;
			buildSettings = {
				ASSETCATALOG_COMPILER_APPICON_NAME = AppIcon;
				ASSETCATALOG_COMPILER_GLOBAL_ACCENT_COLOR_NAME = AccentColor;
				CODE_SIGN_ENTITLEMENTS = "JalanKita Mac/JalanKita Mac.entitlements";
				CODE_SIGN_STYLE = Automatic;
				COMBINE_HIDPI_IMAGES = YES;
				CURRENT_PROJECT_VERSION = 1;
				DEVELOPMENT_TEAM = S3AP74B5TH;
				ENABLE_APP_SANDBOX = NO;
				ENABLE_HARDENED_RUNTIME = YES;
				ENABLE_PREVIEWS = YES;
				GENERATE_INFOPLIST_FILE = YES;
				INFOPLIST_KEY_CKSharingSupported = YES;
				INFOPLIST_KEY_NSHumanReadableCopyright = "";
				LD_RUNPATH_SEARCH_PATHS = (
					"$(inherited)",
					"@executable_path/../Frameworks",
				);
				MARKETING_VERSION = 1.0;
				PRODUCT_BUNDLE_IDENTIFIER = "com.biru.JalanKita-Mac";
				PRODUCT_NAME = "$(TARGET_NAME)";
				REGISTER_APP_GROUPS = YES;
				STRING_CATALOG_GENERATE_SYMBOLS = YES;
				SWIFT_APPROACHABLE_CONCURRENCY = YES;
				SWIFT_DEFAULT_ACTOR_ISOLATION = MainActor;
				SWIFT_EMIT_LOC_STRINGS = YES;
				SWIFT_UPCOMING_FEATURE_MEMBER_IMPORT_VISIBILITY = YES;
				SWIFT_VERSION = 5.0;
			};
			name = Debug;
		};
		4EBA2FF03021C3AF004B0D93 /* Release */ = {
			isa = XCBuildConfiguration;
			buildSettings = {
				ASSETCATALOG_COMPILER_APPICON_NAME = AppIcon;
				ASSETCATALOG_COMPILER_GLOBAL_ACCENT_COLOR_NAME = AccentColor;
				CODE_SIGN_ENTITLEMENTS = "JalanKita Mac/JalanKita Mac.entitlements";
				CODE_SIGN_STYLE = Automatic;
				COMBINE_HIDPI_IMAGES = YES;
				CURRENT_PROJECT_VERSION = 1;
				DEVELOPMENT_TEAM = S3AP74B5TH;
				ENABLE_APP_SANDBOX = NO;
				ENABLE_HARDENED_RUNTIME = YES;
				ENABLE_PREVIEWS = YES;
				GENERATE_INFOPLIST_FILE = YES;
				INFOPLIST_KEY_CKSharingSupported = YES;
				INFOPLIST_KEY_NSHumanReadableCopyright = "";
				LD_RUNPATH_SEARCH_PATHS = (
					"$(inherited)",
					"@executable_path/../Frameworks",
				);
				MARKETING_VERSION = 1.0;
				PRODUCT_BUNDLE_IDENTIFIER = "com.biru.JalanKita-Mac";
				PRODUCT_NAME = "$(TARGET_NAME)";
				REGISTER_APP_GROUPS = YES;
				STRING_CATALOG_GENERATE_SYMBOLS = YES;
				SWIFT_APPROACHABLE_CONCURRENCY = YES;
				SWIFT_DEFAULT_ACTOR_ISOLATION = MainActor;
				SWIFT_EMIT_LOC_STRINGS = YES;
				SWIFT_UPCOMING_FEATURE_MEMBER_IMPORT_VISIBILITY = YES;
				SWIFT_VERSION = 5.0;
			};
			name = Release;
		};
		E0D4C93167FA86F27BD40815 /* Release */ = {
			isa = XCBuildConfiguration;
			buildSettings = {
				ASSETCATALOG_COMPILER_APPICON_NAME = AppIcon;
				ASSETCATALOG_COMPILER_GLOBAL_ACCENT_COLOR_NAME = AccentColor;
				CODE_SIGN_ENTITLEMENTS = "JalanKita iOS/JalanKita iOS.entitlements";
				CODE_SIGN_STYLE = Automatic;
				CURRENT_PROJECT_VERSION = 1;
				DEVELOPMENT_TEAM = S3AP74B5TH;
				ENABLE_PREVIEWS = YES;
				GENERATE_INFOPLIST_FILE = YES;
				INFOPLIST_FILE = "JalanKita-iOS-Info.plist";
				INFOPLIST_KEY_NSCameraUsageDescription = "JalanKita uses the camera to record street-scene video while you drive a survey route.";
				INFOPLIST_KEY_NSLocationWhenInUseUsageDescription = "JalanKita logs your GPS position continuously while recording so recorded footage can be mapped back to the road afterwards.";
				INFOPLIST_KEY_NSMicrophoneUsageDescription = "JalanKita records audio alongside video as part of the survey recording.";
				INFOPLIST_KEY_UIApplicationSceneManifest_Generation = YES;
				INFOPLIST_KEY_UILaunchScreen_Generation = YES;
				INFOPLIST_KEY_UIStatusBarStyle = UIStatusBarStyleDefault;
				INFOPLIST_KEY_UISupportedInterfaceOrientations = "UIInterfaceOrientationPortrait UIInterfaceOrientationLandscapeLeft UIInterfaceOrientationLandscapeRight";
				IPHONEOS_DEPLOYMENT_TARGET = 18.0;
				LD_RUNPATH_SEARCH_PATHS = (
					"$(inherited)",
					"@executable_path/Frameworks",
				);
				MARKETING_VERSION = 1.0;
				PRODUCT_BUNDLE_IDENTIFIER = "com.biru.JalanKita-iOS";
				PRODUCT_NAME = "$(TARGET_NAME)";
				SDKROOT = iphoneos;
				SWIFT_APPROACHABLE_CONCURRENCY = YES;
				SWIFT_DEFAULT_ACTOR_ISOLATION = MainActor;
				SWIFT_EMIT_LOC_STRINGS = YES;
				SWIFT_VERSION = 5.0;
				TARGETED_DEVICE_FAMILY = 1;
				VALIDATE_PRODUCT = YES;
			};
			name = Release;
		};
/* End XCBuildConfiguration section */

/* Begin XCConfigurationList section */
		4EBA2FDE3021C3AE004B0D93 /* Build configuration list for PBXProject "JalanKita Mac" */ = {
			isa = XCConfigurationList;
			buildConfigurations = (
				4EBA2FEC3021C3AF004B0D93 /* Debug */,
				4EBA2FED3021C3AF004B0D93 /* Release */,
			);
			defaultConfigurationIsVisible = 0;
			defaultConfigurationName = Release;
		};
		4EBA2FEE3021C3AF004B0D93 /* Build configuration list for PBXNativeTarget "JalanKita Mac" */ = {
			isa = XCConfigurationList;
			buildConfigurations = (
				4EBA2FEF3021C3AF004B0D93 /* Debug */,
				4EBA2FF03021C3AF004B0D93 /* Release */,
			);
			defaultConfigurationIsVisible = 0;
			defaultConfigurationName = Release;
		};
		6BFCA64BD673476B7B28D1C0 /* Build configuration list for PBXNativeTarget "JalanKita iOS" */ = {
			isa = XCConfigurationList;
			buildConfigurations = (
				0771E664542C818B712CF730 /* Debug */,
				E0D4C93167FA86F27BD40815 /* Release */,
			);
			defaultConfigurationIsVisible = 0;
			defaultConfigurationName = Release;
		};
/* End XCConfigurationList section */

/* Begin XCLocalSwiftPackageReference section */
		CAC1CA074808122CDC60EFA1 /* XCLocalSwiftPackageReference "../JalanKitaKit" */ = {
			isa = XCLocalSwiftPackageReference;
			relativePath = ../JalanKitaKit;
		};
/* End XCLocalSwiftPackageReference section */

/* Begin XCSwiftPackageProductDependency section */
		6EF116DD8751EFEAB9D97EA6 /* JalanKitaKit */ = {
			isa = XCSwiftPackageProductDependency;
			productName = JalanKitaKit;
		};
		EC100326840FA2DD5966529C /* JalanKitaKit */ = {
			isa = XCSwiftPackageProductDependency;
			productName = JalanKitaKit;
		};
/* End XCSwiftPackageProductDependency section */
	};
	rootObject = 4EBA2FDB3021C3AE004B0D93 /* Project object */;
}
